// !$*UTF8*$!
{
	archiveVersion = 1;
	classes = {
	};
	objectVersion = 56;
	objects = {

/* Begin PBXBuildFile section */
		AB5EDFBD2ABD3C3400B91C53 /* QI_iOS_ProjApp.swift in Sources */ = {isa = PBXBuildFile; fileRef = AB5EDFBC2ABD3C3400B91C53 /* QI_iOS_ProjApp.swift */; };
		AB5EDFBF2ABD3C3400B91C53 /* ContentView.swift in Sources */ = {isa = PBXBuildFile; fileRef = AB5EDFBE2ABD3C3400B91C53 /* ContentView.swift */; };
		AB5EDFC12ABD3C3500B91C53 /* Assets.xcassets in Resources */ = {isa = PBXBuildFile; fileRef = AB5EDFC02ABD3C3500B91C53 /* Assets.xcassets */; };
		AB5EDFC42ABD3C3500B91C53 /* Preview Assets.xcassets in Resources */ = {isa = PBXBuildFile; fileRef = AB5EDFC32ABD3C3500B91C53 /* Preview Assets.xcassets */; };
		AB5EDFCE2ABD3C3500B91C53 /* QI_iOS_ProjTests.swift in Sources */ = {isa = PBXBuildFile; fileRef = AB5EDFCD2ABD3C3500B91C53 /* QI_iOS_ProjTests.swift */; };
		AB5EDFD82ABD3C3500B91C53 /* QI_iOS_ProjUITests.swift in Sources */ = {isa = PBXBuildFile; fileRef = AB5EDFD72ABD3C3500B91C53 /* QI_iOS_ProjUITests.swift */; };
		AB5EDFDA2ABD3C3500B91C53 /* QI_iOS_ProjUITestsLaunchTests.swift in Sources */ = {isa = PBXBuildFile; fileRef = AB5EDFD92ABD3C3500B91C53 /* QI_iOS_ProjUITestsLaunchTests.swift */; };
/* End PBXBuildFile section */

/* Begin PBXContainerItemProxy section */
		AB5EDFCA2ABD3C3500B91C53 /* PBXContainerItemProxy */ = {
			isa = PBXContainerItemProxy;
			containerPortal = AB5EDFB12ABD3C3400B91C53 /* Project object */;
			proxyType = 1;
			remoteGlobalIDString = AB5EDFB82ABD3C3400B91C53;
			remoteInfo = "QI-iOS-Proj";
		};
		AB5EDFD42ABD3C3500B91C53 /* PBXContainerItemProxy */ = {
			isa = PBXContainerItemProxy;
			containerPortal = AB5EDFB12ABD3C3400B91C53 /* Project object */;
			proxyType = 1;
			remoteGlobalIDString = AB5EDFB82ABD3C3400B91C53;
			remoteInfo = "QI-iOS-Proj";
		};
/* End PBXContainerItemProxy section */

/* Begin PBXFileReference section */
		AB5EDFB92ABD3C3400B91C53 /* QI-iOS-Proj.app */ = {isa = PBXFileReference; explicitFileType = wrapper.application; includeInIndex = 0; path = "QI-iOS-Proj.app"; sourceTree = BUILT_PRODUCTS_DIR; };
		AB5EDFBC2ABD3C3400B91C53 /* QI_iOS_ProjApp.swift */ = {isa = PBXFileReference; lastKnownFileType = sourcecode.swift; path = QI_iOS_ProjApp.swift; sourceTree = "<group>"; };
		AB5EDFBE2ABD3C3400B91C53 /* ContentView.swift */ = {isa = PBXFileReference; lastKnownFileType = sourcecode.swift; path = ContentView.swift; sourceTree = "<group>"; };
		AB5EDFC02ABD3C3500B91C53 /* Assets.xcassets */ = {isa = PBXFileReference; lastKnownFileType = folder.assetcatalog; path = Assets.xcassets; sourceTree = "<group>"; };
		AB5EDFC32ABD3C3500B91C53 /* Preview Assets.xcassets */ = {isa = PBXFileReference; lastKnownFileType = folder.assetcatalog; path = "Preview Assets.xcassets"; sourceTree = "<group>"; };
		AB5EDFC92ABD3C3500B91C53 /* QI-iOS-ProjTests.xctest */ = {isa = PBXFileReference; explicitFileType = wrapper.cfbundle; includeInIndex = 0; path = "QI-iOS-ProjTests.xctest"; sourceTree = BUILT_PRODUCTS_DIR; };
		AB5EDFCD2ABD3C3500B91C53 /* QI_iOS_ProjTests.swift */ = {isa = PBXFileReference; lastKnownFileType = sourcecode.swift; path = QI_iOS_ProjTests.swift; sourceTree = "<group>"; };
		AB5EDFD32ABD3C3500B91C53 /* QI-iOS-ProjUITests.xctest */ = {isa = PBXFileReference; explicitFileType = wrapper.cfbundle; includeInIndex = 0; path = "QI-iOS-ProjUITests.xctest"; sourceTree = BUILT_PRODUCTS_DIR; };
		AB5EDFD72ABD3C3500B91C53 /* QI_iOS_ProjUITests.swift */ = {isa = PBXFileReference; lastKnownFileType = sourcecode.swift; path = QI_iOS_ProjUITests.swift; sourceTree = "<group>"; };
		AB5EDFD92ABD3C3500B91C53 /* QI_iOS_ProjUITestsLaunchTests.swift */ = {isa = PBXFileReference; lastKnownFileType = sourcecode.swift; path = QI_iOS_ProjUITestsLaunchTests.swift; sourceTree = "<group>"; };
/* End PBXFileReference section */

/* Begin PBXFrameworksBuildPhase section */
		AB5EDFB62ABD3C3400B91C53 /* Frameworks */ = {
			isa = PBXFrameworksBuildPhase;
			buildActionMask = 2147483647;
			files = (
			);
			runOnlyForDeploymentPostprocessing = 0;
		};
		AB5EDFC62ABD3C3500B91C53 /* Frameworks */ = {
			isa = PBXFrameworksBuildPhase;
			buildActionMask = 2147483647;
			files = (
			);
			runOnlyForDeploymentPostprocessing = 0;
		};
		AB5EDFD02ABD3C3500B91C53 /* Frameworks */ = {
			isa = PBXFrameworksBuildPhase;
			buildActionMask = 2147483647;
			files = (
			);
			runOnlyForDeploymentPostprocessing = 0;
		};
/* End PBXFrameworksBuildPhase section */

/* Begin PBXGroup section */
		AB5EDFB02ABD3C3400B91C53 = {
			isa = PBXGroup;
			children = (
				AB5EDFBB2ABD3C3400B91C53 /* QI-iOS-Proj */,
				AB5EDFCC2ABD3C3500B91C53 /* QI-iOS-ProjTests */,
				AB5EDFD62ABD3C3500B91C53 /* QI-iOS-ProjUITests */,
				AB5EDFBA2ABD3C3400B91C53 /* Products */,
			);
			sourceTree = "<group>";
		};
		AB5EDFBA2ABD3C3400B91C53 /* Products */ = {
			isa = PBXGroup;
			children = (
				AB5EDFB92ABD3C3400B91C53 /* QI-iOS-Proj.app */,
				AB5EDFC92ABD3C3500B91C53 /* QI-iOS-ProjTests.xctest */,
				AB5EDFD32ABD3C3500B91C53 /* QI-iOS-ProjUITests.xctest */,
			);
			name = Products;
			sourceTree = "<group>";
		};
		AB5EDFBB2ABD3C3400B91C53 /* QI-iOS-Proj */ = {
			isa = PBXGroup;
			children = (
				AB5EDFBC2ABD3C3400B91C53 /* QI_iOS_ProjApp.swift */,
				AB5EDFBE2ABD3C3400B91C53 /* ContentView.swift */,
				AB5EDFC02ABD3C3500B91C53 /* Assets.xcassets */,
				AB5EDFC22ABD3C3500B91C53 /* Preview Content */,
			);
			path = "QI-iOS-Proj";
			sourceTree = "<group>";
		};
		AB5EDFC22ABD3C3500B91C53 /* Preview Content */ = {
			isa = PBXGroup;
			children = (
				AB5EDFC32ABD3C3500B91C53 /* Preview Assets.xcassets */,
			);
			path = "Preview Content";
			sourceTree = "<group>";
		};
		AB5EDFCC2ABD3C3500B91C53 /* QI-iOS-ProjTests */ = {
			isa = PBXGroup;
			children = (
				AB5EDFCD2ABD3C3500B91C53 /* QI_iOS_ProjTests.swift */,
			);
			path = "QI-iOS-ProjTests";
			sourceTree = "<group>";
		};
		AB5EDFD62ABD3C3500B91C53 /* QI-iOS-ProjUITests */ = {
			isa = PBXGroup;
			children = (
				AB5EDFD72ABD3C3500B91C53 /* QI_iOS_ProjUITests.swift */,
				AB5EDFD92ABD3C3500B91C53 /* QI_iOS_ProjUITestsLaunchTests.swift */,
			);
			path = "QI-iOS-ProjUITests";
			sourceTree = "<group>";
		};
/* End PBXGroup section */

/* Begin PBXNativeTarget section */
		AB5EDFB82ABD3C3400B91C53 /* QI-iOS-Proj */ = {
			isa = PBXNativeTarget;
			buildConfigurationList = AB5EDFDD2ABD3C3500B91C53 /* Build configuration list for PBXNativeTarget "QI-iOS-Proj" */;
			buildPhases = (
				AB5EDFB52ABD3C3400B91C53 /* Sources */,
				AB5EDFB62ABD3C3400B91C53 /* Frameworks */,
				AB5EDFB72ABD3C3400B91C53 /* Resources */,
			);
			buildRules = (
			);
			dependencies = (
			);
			name = "QI-iOS-Proj";
			productName = "QI-iOS-Proj";
			productReference = AB5EDFB92ABD3C3400B91C53 /* QI-iOS-Proj.app */;
			productType = "com.apple.product-type.application";
		};
		AB5EDFC82ABD3C3500B91C53 /* QI-iOS-ProjTests */ = {
			isa = PBXNativeTarget;
			buildConfigurationList = AB5EDFE02ABD3C3500B91C53 /* Build configuration list for PBXNativeTarget "QI-iOS-ProjTests" */;
			buildPhases = (
				AB5EDFC52ABD3C3500B91C53 /* Sources */,
				AB5EDFC62ABD3C3500B91C53 /* Frameworks */,
				AB5EDFC72ABD3C3500B91C53 /* Resources */,
			);
			buildRules = (
			);
			dependencies = (
				AB5EDFCB2ABD3C3500B91C53 /* PBXTargetDependency */,
			);
			name = "QI-iOS-ProjTests";
			productName = "QI-iOS-ProjTests";
			productReference = AB5EDFC92ABD3C3500B91C53 /* QI-iOS-ProjTests.xctest */;
			productType = "com.apple.product-type.bundle.unit-test";
		};
		AB5EDFD22ABD3C3500B91C53 /* QI-iOS-ProjUITests */ = {
			isa = PBXNativeTarget;
			buildConfigurationList = AB5EDFE32ABD3C3500B91C53 /* Build configuration list for PBXNativeTarget "QI-iOS-ProjUITests" */;
			buildPhases = (
				AB5EDFCF2ABD3C3500B91C53 /* Sources */,
				AB5EDFD02ABD3C3500B91C53 /* Frameworks */,
				AB5EDFD12ABD3C3500B91C53 /* Resources */,
			);
			buildRules = (
			);
			dependencies = (
				AB5EDFD52ABD3C3500B91C53 /* PBXTargetDependency */,
			);
			name = "QI-iOS-ProjUITests";
			productName = "QI-iOS-ProjUITests";
			productReference = AB5EDFD32ABD3C3500B91C53 /* QI-iOS-ProjUITests.xctest */;
			productType = "com.apple.product-type.bundle.ui-testing";
		};
/* End PBXNativeTarget section */

/* Begin PBXProject section */
		AB5EDFB12ABD3C3400B91C53 /* Project object */ = {
			isa = PBXProject;
			attributes = {
				BuildIndependentTargetsInParallel = 1;
				LastSwiftUpdateCheck = 1500;
				LastUpgradeCheck = 1500;
				TargetAttributes = {
					AB5EDFB82ABD3C3400B91C53 = {
						CreatedOnToolsVersion = 15.0;
					};
					AB5EDFC82ABD3C3500B91C53 = {
						CreatedOnToolsVersion = 15.0;
						TestTargetID = AB5EDFB82ABD3C3400B91C53;
					};
					AB5EDFD22ABD3C3500B91C53 = {
						CreatedOnToolsVersion = 15.0;
						TestTargetID = AB5EDFB82ABD3C3400B91C53;
					};
				};
			};
			buildConfigurationList = AB5EDFB42ABD3C3400B91C53 /* Build configuration list for PBXProject "QI-iOS-Proj" */;
			compatibilityVersion = "Xcode 14.0";
			developmentRegion = en;
			hasScannedForEncodings = 0;
			knownRegions = (
				en,
				Base,
			);
			mainGroup = AB5EDFB02ABD3C3400B91C53;
			productRefGroup = AB5EDFBA2ABD3C3400B91C53 /* Products */;
			projectDirPath = "";
			projectRoot = "";
			targets = (
				AB5EDFB82ABD3C3400B91C53 /* QI-iOS-Proj */,
				AB5EDFC82ABD3C3500B91C53 /* QI-iOS-ProjTests */,
				AB5EDFD22ABD3C3500B91C53 /* QI-iOS-ProjUITests */,
			);
		};
/* End PBXProject section */

/* Begin PBXResourcesBuildPhase section */
		AB5EDFB72ABD3C3400B91C53 /* Resources */ = {
			isa = PBXResourcesBuildPhase;
			buildActionMask = 2147483647;
			files = (
				AB5EDFC42ABD3C3500B91C53 /* Preview Assets.xcassets in Resources */,
				AB5EDFC12ABD3C3500B91C53 /* Assets.xcassets in Resources */,
			);
			runOnlyForDeploymentPostprocessing = 0;
		};
		AB5EDFC72ABD3C3500B91C53 /* Resources */ = {
			isa = PBXResourcesBuildPhase;
			buildActionMask = 2147483647;
			files = (
			);
			runOnlyForDeploymentPostprocessing = 0;
		};
		AB5EDFD12ABD3C3500B91C53 /* Resources */ = {
			isa = PBXResourcesBuildPhase;
			buildActionMask = 2147483647;
			files = (
			);
			runOnlyForDeploymentPostprocessing = 0;
		};
/* End PBXResourcesBuildPhase section */

/* Begin PBXSourcesBuildPhase section */
		AB5EDFB52ABD3C3400B91C53 /* Sources */ = {
			isa = PBXSourcesBuildPhase;
			buildActionMask = 2147483647;
			files = (
				AB5EDFBF2ABD3C3400B91C53 /* ContentView.swift in Sources */,
				AB5EDFBD2ABD3C3400B91C53 /* QI_iOS_ProjApp.swift in Sources */,
			);
			runOnlyForDeploymentPostprocessing = 0;
		};
		AB5EDFC52ABD3C3500B91C53 /* Sources */ = {
			isa = PBXSourcesBuildPhase;
			buildActionMask = 2147483647;
			files = (
				AB5EDFCE2ABD3C3500B91C53 /* QI_iOS_ProjTests.swift in Sources */,
			);
			runOnlyForDeploymentPostprocessing = 0;
		};
		AB5EDFCF2ABD3C3500B91C53 /* Sources */ = {
			isa = PBXSourcesBuildPhase;
			buildActionMask = 2147483647;
			files = (
				AB5EDFD82ABD3C3500B91C53 /* QI_iOS_ProjUITests.swift in Sources */,
				AB5EDFDA2ABD3C3500B91C53 /* QI_iOS_ProjUITestsLaunchTests.swift in Sources */,
			);
			runOnlyForDeploymentPostprocessing = 0;
		};
/* End PBXSourcesBuildPhase section */

/* Begin PBXTargetDependency section */
		AB5EDFCB2ABD3C3500B91C53 /* PBXTargetDependency */ = {
			isa = PBXTargetDependency;
			target = AB5EDFB82ABD3C3400B91C53 /* QI-iOS-Proj */;
			targetProxy = AB5EDFCA2ABD3C3500B91C53 /* PBXContainerItemProxy */;
		};
		AB5EDFD52ABD3C3500B91C53 /* PBXTargetDependency */ = {
			isa = PBXTargetDependency;
			target = AB5EDFB82ABD3C3400B91C53 /* QI-iOS-Proj */;
			targetProxy = AB5EDFD42ABD3C3500B91C53 /* PBXContainerItemProxy */;
		};
/* End PBXTargetDependency section */

/* Begin XCBuildConfiguration section */
		AB5EDFDB2ABD3C3500B91C53 /* Debug */ = {
			isa = XCBuildConfiguration;
			buildSettings = {
				ALWAYS_SEARCH_USER_PATHS = NO;
				ASSETCATALOG_COMPILER_GENERATE_SWIFT_ASSET_SYMBOL_EXTENSIONS = YES;
				CLANG_ANALYZER_NONNULL = YES;
				CLANG_ANALYZER_NUMBER_OBJECT_CONVERSION = YES_AGGRESSIVE;
				CLANG_CXX_LANGUAGE_STANDARD = "gnu++20";
				CLANG_ENABLE_MODULES = YES;
				CLANG_ENABLE_OBJC_ARC = YES;
				CLANG_ENABLE_OBJC_WEAK = YES;
				CLANG_WARN_BLOCK_CAPTURE_AUTORELEASING = YES;
				CLANG_WARN_BOOL_CONVERSION = YES;
				CLANG_WARN_COMMA = YES;
				CLANG_WARN_CONSTANT_CONVERSION = YES;
				CLANG_WARN_DEPRECATED_OBJC_IMPLEMENTATIONS = YES;
				CLANG_WARN_DIRECT_OBJC_ISA_USAGE = YES_ERROR;
				CLANG_WARN_DOCUMENTATION_COMMENTS = YES;
				CLANG_WARN_EMPTY_BODY = YES;
				CLANG_WARN_ENUM_CONVERSION = YES;
				CLANG_WARN_INFINITE_RECURSION = YES;
				CLANG_WARN_INT_CONVERSION = YES;
				CLANG_WARN_NON_LITERAL_NULL_CONVERSION = YES;
				CLANG_WARN_OBJC_IMPLICIT_RETAIN_SELF = YES;
				CLANG_WARN_OBJC_LITERAL_CONVERSION = YES;
				CLANG_WARN_OBJC_ROOT_CLASS = YES_ERROR;
				CLANG_WARN_QUOTED_INCLUDE_IN_FRAMEWORK_HEADER = YES;
				CLANG_WARN_RANGE_LOOP_ANALYSIS = YES;
				CLANG_WARN_STRICT_PROTOTYPES = YES;
				CLANG_WARN_SUSPICIOUS_MOVE = YES;
				CLANG_WARN_UNGUARDED_AVAILABILITY = YES_AGGRESSIVE;
				CLANG_WARN_UNREACHABLE_CODE = YES;
				CLANG_WARN__DUPLICATE_METHOD_MATCH = YES;
				COPY_PHASE_STRIP = NO;
				DEBUG_INFORMATION_FORMAT = dwarf;
				ENABLE_STRICT_OBJC_MSGSEND = YES;
				ENABLE_TESTABILITY = YES;
				ENABLE_USER_SCRIPT_SANDBOXING = YES;
				GCC_C_LANGUAGE_STANDARD = gnu17;
				GCC_DYNAMIC_NO_PIC = NO;
				GCC_NO_COMMON_BLOCKS = YES;
				GCC_OPTIMIZATION_LEVEL = 0;
				GCC_PREPROCESSOR_DEFINITIONS = (
					"DEBUG=1",
					"$(inherited)",
				);
				GCC_WARN_64_TO_32_BIT_CONVERSION = YES;
				GCC_WARN_ABOUT_RETURN_TYPE = YES_ERROR;
				GCC_WARN_UNDECLARED_SELECTOR = YES;
				GCC_WARN_UNINITIALIZED_AUTOS = YES_AGGRESSIVE;
				GCC_WARN_UNUSED_FUNCTION = YES;
				GCC_WARN_UNUSED_VARIABLE = YES;
				IPHONEOS_DEPLOYMENT_TARGET = 17.0;
				LOCALIZATION_PREFERS_STRING_CATALOGS = YES;
				MTL_ENABLE_DEBUG_INFO = INCLUDE_SOURCE;
				MTL_FAST_MATH = YES;
				ONLY_ACTIVE_ARCH = YES;
				SDKROOT = iphoneos;
				SWIFT_ACTIVE_COMPILATION_CONDITIONS = "DEBUG $(inherited)";
				SWIFT_OPTIMIZATION_LEVEL = "-Onone";
			};
			name = Debug;
		};
		AB5EDFDC2ABD3C3500B91C53 /* Release */ = {
			isa = XCBuildConfiguration;
			buildSettings = {
				ALWAYS_SEARCH_USER_PATHS = NO;
				ASSETCATALOG_COMPILER_GENERATE_SWIFT_ASSET_SYMBOL_EXTENSIONS = YES;
				CLANG_ANALYZER_NONNULL = YES;
				CLANG_ANALYZER_NUMBER_OBJECT_CONVERSION = YES_AGGRESSIVE;
				CLANG_CXX_LANGUAGE_STANDARD = "gnu++20";
				CLANG_ENABLE_MODULES = YES;
				CLANG_ENABLE_OBJC_ARC = YES;
				CLANG_ENABLE_OBJC_WEAK = YES;
				CLANG_WARN_BLOCK_CAPTURE_AUTORELEASING = YES;
				CLANG_WARN_BOOL_CONVERSION = YES;
				CLANG_WARN_COMMA = YES;
				CLANG_WARN_CONSTANT_CONVERSION = YES;
				CLANG_WARN_DEPRECATED_OBJC_IMPLEMENTATIONS = YES;
				CLANG_WARN_DIRECT_OBJC_ISA_USAGE = YES_ERROR;
				CLANG_WARN_DOCUMENTATION_COMMENTS = YES;
				CLANG_WARN_EMPTY_BODY = YES;
				CLANG_WARN_ENUM_CONVERSION = YES;
				CLANG_WARN_INFINITE_RECURSION = YES;
				CLANG_WARN_INT_CONVERSION = YES;
				CLANG_WARN_NON_LITERAL_NULL_CONVERSION = YES;
				CLANG_WARN_OBJC_IMPLICIT_RETAIN_SELF = YES;
				CLANG_WARN_OBJC_LITERAL_CONVERSION = YES;
				CLANG_WARN_OBJC_ROOT_CLASS = YES_ERROR;
				CLANG_WARN_QUOTED_INCLUDE_IN_FRAMEWORK_HEADER = YES;
				CLANG_WARN_RANGE_LOOP_ANALYSIS = YES;
				CLANG_WARN_STRICT_PROTOTYPES = YES;
				CLANG_WARN_SUSPICIOUS_MOVE = YES;
				CLANG_WARN_UNGUARDED_AVAILABILITY = YES_AGGRESSIVE;
				CLANG_WARN_UNREACHABLE_CODE = YES;
				CLANG_WARN__DUPLICATE_METHOD_MATCH = YES;
				COPY_PHASE_STRIP = NO;
				DEBUG_INFORMATION_FORMAT = "dwarf-with-dsym";
				ENABLE_NS_ASSERTIONS = NO;
				ENABLE_STRICT_OBJC_MSGSEND = YES;
				ENABLE_USER_SCRIPT_SANDBOXING = YES;
				GCC_C_LANGUAGE_STANDARD = gnu17;
				GCC_NO_COMMON_BLOCKS = YES;
				GCC_WARN_64_TO_32_BIT_CONVERSION = YES;
				GCC_WARN_ABOUT_RETURN_TYPE = YES_ERROR;
				GCC_WARN_UNDECLARED_SELECTOR = YES;
				GCC_WARN_UNINITIALIZED_AUTOS = YES_AGGRESSIVE;
				GCC_WARN_UNUSED_FUNCTION = YES;
				GCC_WARN_UNUSED_VARIABLE = YES;
				IPHONEOS_DEPLOYMENT_TARGET = 17.0;
				LOCALIZATION_PREFERS_STRING_CATALOGS = YES;
				MTL_ENABLE_DEBUG_INFO = NO;
				MTL_FAST_MATH = YES;
				SDKROOT = iphoneos;
				SWIFT_COMPILATION_MODE = wholemodule;
				VALIDATE_PRODUCT = YES;
			};
			name = Release;
		};
		AB5EDFDE2ABD3C3500B91C53 /* Debug */ = {
			isa = XCBuildConfiguration;
			buildSettings = {
				ASSETCATALOG_COMPILER_APPICON_NAME = AppIcon;
				ASSETCATALOG_COMPILER_GLOBAL_ACCENT_COLOR_NAME = AccentColor;
				CODE_SIGN_STYLE = Automatic;
				CURRENT_PROJECT_VERSION = 1;
				DEVELOPMENT_ASSET_PATHS = "\"QI-iOS-Proj/Preview Content\"";
				DEVELOPMENT_TEAM = C552WQXUWD;
				ENABLE_PREVIEWS = YES;
				GENERATE_INFOPLIST_FILE = YES;
				INFOPLIST_KEY_UIApplicationSceneManifest_Generation = YES;
				INFOPLIST_KEY_UIApplicationSupportsIndirectInputEvents = YES;
				INFOPLIST_KEY_UILaunchScreen_Generation = YES;
				INFOPLIST_KEY_UISupportedInterfaceOrientations_iPad = "UIInterfaceOrientationPortrait UIInterfaceOrientationPortraitUpsideDown UIInterfaceOrientationLandscapeLeft UIInterfaceOrientationLandscapeRight";
				INFOPLIST_KEY_UISupportedInterfaceOrientations_iPhone = "UIInterfaceOrientationPortrait UIInterfaceOrientationLandscapeLeft UIInterfaceOrientationLandscapeRight";
				LD_RUNPATH_SEARCH_PATHS = (
					"$(inherited)",
					"@executable_path/Frameworks",
				);
				MARKETING_VERSION = 1.0;
				PRODUCT_BUNDLE_IDENTIFIER = "kr.hs.dgsw.qi.QI-iOS-Proj";
				PRODUCT_NAME = "$(TARGET_NAME)";
				SWIFT_EMIT_LOC_STRINGS = YES;
				SWIFT_VERSION = 5.0;
				TARGETED_DEVICE_FAMILY = "1,2";
			};
			name = Debug;
		};
		AB5EDFDF2ABD3C3500B91C53 /* Release */ = {
			isa = XCBuildConfiguration;
			buildSettings = {
				ASSETCATALOG_COMPILER_APPICON_NAME = AppIcon;
				ASSETCATALOG_COMPILER_GLOBAL_ACCENT_COLOR_NAME = AccentColor;
				CODE_SIGN_STYLE = Automatic;
				CURRENT_PROJECT_VERSION = 1;
				DEVELOPMENT_ASSET_PATHS = "\"QI-iOS-Proj/Preview Content\"";
				DEVELOPMENT_TEAM = C552WQXUWD;
				ENABLE_PREVIEWS = YES;
				GENERATE_INFOPLIST_FILE = YES;
				INFOPLIST_KEY_UIApplicationSceneManifest_Generation = YES;
				INFOPLIST_KEY_UIApplicationSupportsIndirectInputEvents = YES;
				INFOPLIST_KEY_UILaunchScreen_Generation = YES;
				INFOPLIST_KEY_UISupportedInterfaceOrientations_iPad = "UIInterfaceOrientationPortrait UIInterfaceOrientationPortraitUpsideDown UIInterfaceOrientationLandscapeLeft UIInterfaceOrientationLandscapeRight";
				INFOPLIST_KEY_UISupportedInterfaceOrientations_iPhone = "UIInterfaceOrientationPortrait UIInterfaceOrientationLandscapeLeft UIInterfaceOrientationLandscapeRight";
				LD_RUNPATH_SEARCH_PATHS = (
					"$(inherited)",
					"@executable_path/Frameworks",
				);
				MARKETING_VERSION = 1.0;
				PRODUCT_BUNDLE_IDENTIFIER = "kr.hs.dgsw.qi.QI-iOS-Proj";
				PRODUCT_NAME = "$(TARGET_NAME)";
				SWIFT_EMIT_LOC_STRINGS = YES;
				SWIFT_VERSION = 5.0;
				TARGETED_DEVICE_FAMILY = "1,2";
			};
			name = Release;
		};
		AB5EDFE12ABD3C3500B91C53 /* Debug */ = {
			isa = XCBuildConfiguration;
			buildSettings = {
				ALWAYS_EMBED_SWIFT_STANDARD_LIBRARIES = YES;
				BUNDLE_LOADER = "$(TEST_HOST)";
				CODE_SIGN_STYLE = Automatic;
				CURRENT_PROJECT_VERSION = 1;
				DEVELOPMENT_TEAM = C552WQXUWD;
				GENERATE_INFOPLIST_FILE = YES;
				IPHONEOS_DEPLOYMENT_TARGET = 17.0;
				MARKETING_VERSION = 1.0;
				PRODUCT_BUNDLE_IDENTIFIER = "kr.hs.dgsw.qi.QI-iOS-ProjTests";
				PRODUCT_NAME = "$(TARGET_NAME)";
				SWIFT_EMIT_LOC_STRINGS = NO;
				SWIFT_VERSION = 5.0;
				TARGETED_DEVICE_FAMILY = "1,2";
				TEST_HOST = "$(BUILT_PRODUCTS_DIR)/QI-iOS-Proj.app/$(BUNDLE_EXECUTABLE_FOLDER_PATH)/QI-iOS-Proj";
			};
			name = Debug;
		};
		AB5EDFE22ABD3C3500B91C53 /* Release */ = {
			isa = XCBuildConfiguration;
			buildSettings = {
				ALWAYS_EMBED_SWIFT_STANDARD_LIBRARIES = YES;
				BUNDLE_LOADER = "$(TEST_HOST)";
				CODE_SIGN_STYLE = Automatic;
				CURRENT_PROJECT_VERSION = 1;
				DEVELOPMENT_TEAM = C552WQXUWD;
				GENERATE_INFOPLIST_FILE = YES;
				IPHONEOS_DEPLOYMENT_TARGET = 17.0;
				MARKETING_VERSION = 1.0;
				PRODUCT_BUNDLE_IDENTIFIER = "kr.hs.dgsw.qi.QI-iOS-ProjTests";
				PRODUCT_NAME = "$(TARGET_NAME)";
				SWIFT_EMIT_LOC_STRINGS = NO;
				SWIFT_VERSION = 5.0;
				TARGETED_DEVICE_FAMILY = "1,2";
				TEST_HOST = "$(BUILT_PRODUCTS_DIR)/QI-iOS-Proj.app/$(BUNDLE_EXECUTABLE_FOLDER_PATH)/QI-iOS-Proj";
			};
			name = Release;
		};
		AB5EDFE42ABD3C3500B91C53 /* Debug */ = {
			isa = XCBuildConfiguration;
			buildSettings = {
				ALWAYS_EMBED_SWIFT_STANDARD_LIBRARIES = YES;
				CODE_SIGN_STYLE = Automatic;
				CURRENT_PROJECT_VERSION = 1;
				DEVELOPMENT_TEAM = C552WQXUWD;
				GENERATE_INFOPLIST_FILE = YES;
				MARKETING_VERSION = 1.0;
				PRODUCT_BUNDLE_IDENTIFIER = "kr.hs.dgsw.qi.QI-iOS-ProjUITests";
				PRODUCT_NAME = "$(TARGET_NAME)";
				SWIFT_EMIT_LOC_STRINGS = NO;
				SWIFT_VERSION = 5.0;
				TARGETED_DEVICE_FAMILY = "1,2";
				TEST_TARGET_NAME = "QI-iOS-Proj";
			};
			name = Debug;
		};
		AB5EDFE52ABD3C3500B91C53 /* Release */ = {
			isa = XCBuildConfiguration;
			buildSettings = {
				ALWAYS_EMBED_SWIFT_STANDARD_LIBRARIES = YES;
				CODE_SIGN_STYLE = Automatic;
				CURRENT_PROJECT_VERSION = 1;
				DEVELOPMENT_TEAM = C552WQXUWD;
				GENERATE_INFOPLIST_FILE = YES;
				MARKETING_VERSION = 1.0;
				PRODUCT_BUNDLE_IDENTIFIER = "kr.hs.dgsw.qi.QI-iOS-ProjUITests";
				PRODUCT_NAME = "$(TARGET_NAME)";
				SWIFT_EMIT_LOC_STRINGS = NO;
				SWIFT_VERSION = 5.0;
				TARGETED_DEVICE_FAMILY = "1,2";
				TEST_TARGET_NAME = "QI-iOS-Proj";
			};
			name = Release;
		};
/* End XCBuildConfiguration section */

/* Begin XCConfigurationList section */
		AB5EDFB42ABD3C3400B91C53 /* Build configuration list for PBXProject "QI-iOS-Proj" */ = {
			isa = XCConfigurationList;
			buildConfigurations = (
				AB5EDFDB2ABD3C3500B91C53 /* Debug */,
				AB5EDFDC2ABD3C3500B91C53 /* Release */,
			);
			defaultConfigurationIsVisible = 0;
			defaultConfigurationName = Release;
		};
		AB5EDFDD2ABD3C3500B91C53 /* Build configuration list for PBXNativeTarget "QI-iOS-Proj" */ = {
			isa = XCConfigurationList;
			buildConfigurations = (
				AB5EDFDE2ABD3C3500B91C53 /* Debug */,
				AB5EDFDF2ABD3C3500B91C53 /* Release */,
			);
			defaultConfigurationIsVisible = 0;
			defaultConfigurationName = Release;
		};
		AB5EDFE02ABD3C3500B91C53 /* Build configuration list for PBXNativeTarget "QI-iOS-ProjTests" */ = {
			isa = XCConfigurationList;
			buildConfigurations = (
				AB5EDFE12ABD3C3500B91C53 /* Debug */,
				AB5EDFE22ABD3C3500B91C53 /* Release */,
			);
			defaultConfigurationIsVisible = 0;
			defaultConfigurationName = Release;
		};
		AB5EDFE32ABD3C3500B91C53 /* Build configuration list for PBXNativeTarget "QI-iOS-ProjUITests" */ = {
			isa = XCConfigurationList;
			buildConfigurations = (
				AB5EDFE42ABD3C3500B91C53 /* Debug */,
				AB5EDFE52ABD3C3500B91C53 /* Release */,
			);
			defaultConfigurationIsVisible = 0;
			defaultConfigurationName = Release;
		};
/* End XCConfigurationList section */
	};
	rootObject = AB5EDFB12ABD3C3400B91C53 /* Project object */;
}
